{
    "name": "node-red-contrib-artnet-plus",
    "version": "0.0.1",
    "lockfileVersion": 1,
    "requires": true,
    "dependencies": {
        "artnet-node": {
            "version": "github:gunnebo-ab/artnet-node#3a8e94bf2715c456c0a9b9a675013b114d83bdd7",
            "from": "github:gunnebo-ab/artnet-node"
        }
    }
}
